{"is_source_file": false, "format": "", "description": "", "external_files": [], "external_methods": [], "published": [], "classes": [], "methods": [], "calls": [], "search-terms": [], "state": 2, "file_id": 28, "knowledge_revision": 56, "git_revision": "63f9d8027efdb3859d4712646c4e91a147436374", "hash": "9c4ed7ef73e22b872b8055bec08b8979", "format-version": 4, "code-base-name": "default", "filename": "note_app/post_process_status.lock", "revision_history": [{"56": "63f9d8027efdb3859d4712646c4e91a147436374"}]}